
Microsoft Visual Studio Solution File, Format Version 12.00
# Visual Studio Version 17
VisualStudioVersion = 17.9.34622.214
MinimumVisualStudioVersion = 10.0.40219.1
Project("{FAE04EC0-301F-11D3-BF4B-00C04F79EFBC}") = "Consola", "Consola\Consola.csproj", "{B62E1BB5-8AA3-4E93-B73A-A51070469711}"
EndProject
Project("{FAE04EC0-301F-11D3-BF4B-00C04F79EFBC}") = "Dominio", "Dominio\Dominio.csproj", "{83DA2FDF-F570-4E5D-A6A0-43881DD0B15F}"
EndProject
Global
	GlobalSection(SolutionConfigurationPlatforms) = preSolution
		Debug|Any CPU = Debug|Any CPU
		Release|Any CPU = Release|Any CPU
	EndGlobalSection
	GlobalSection(ProjectConfigurationPlatforms) = postSolution
		{B62E1BB5-8AA3-4E93-B73A-A51070469711}.Debug|Any CPU.ActiveCfg = Debug|Any CPU
		{B62E1BB5-8AA3-4E93-B73A-A51070469711}.Debug|Any CPU.Build.0 = Debug|Any CPU
		{B62E1BB5-8AA3-4E93-B73A-A51070469711}.Release|Any CPU.ActiveCfg = Release|Any CPU
		{B62E1BB5-8AA3-4E93-B73A-A51070469711}.Release|Any CPU.Build.0 = Release|Any CPU
		{83DA2FDF-F570-4E5D-A6A0-43881DD0B15F}.Debug|Any CPU.ActiveCfg = Debug|Any CPU
		{83DA2FDF-F570-4E5D-A6A0-43881DD0B15F}.Debug|Any CPU.Build.0 = Debug|Any CPU
		{83DA2FDF-F570-4E5D-A6A0-43881DD0B15F}.Release|Any CPU.ActiveCfg = Release|Any CPU
		{83DA2FDF-F570-4E5D-A6A0-43881DD0B15F}.Release|Any CPU.Build.0 = Release|Any CPU
	EndGlobalSection
	GlobalSection(SolutionProperties) = preSolution
		HideSolutionNode = FALSE
	EndGlobalSection
	GlobalSection(ExtensibilityGlobals) = postSolution
		SolutionGuid = {185157BA-99C1-4711-A77B-53797E7BC6E2}
	EndGlobalSection
EndGlobal
